<?xml version="1.0" encoding="utf-8"?>
<Project ToolsVersion="4.0" xmlns="http://schemas.microsoft.com/developer/msbuild/2003">
  <ItemGroup>
    <Filter Include="Source Files">
      <UniqueIdentifier>{4FC737F1-C7A5-4376-A066-2A32D752A2FF}</UniqueIdentifier>
      <Extensions>cpp;c;cc;cxx;c++;cppm;ixx;def;odl;idl;hpj;bat;asm;asmx</Extensions>
    </Filter>
    <Filter Include="Header Files">
      <UniqueIdentifier>{93995380-89BD-4b04-88EB-625FBE52EBFB}</UniqueIdentifier>
      <Extensions>h;hh;hpp;hxx;h++;hm;inl;inc;ipp;xsd</Extensions>
    </Filter>
    <Filter Include="Resource Files">
      <UniqueIdentifier>{67DA6AB6-F800-4c08-8B7A-83BB121AAD01}</UniqueIdentifier>
      <Extensions>rc;ico;cur;bmp;dlg;rc2;rct;bin;rgs;gif;jpg;jpeg;jpe;resx;tiff;tif;png;wav;mfcribbon-ms</Extensions>
    </Filter>
    <Filter Include="structures">
      <UniqueIdentifier>{28a31bd4-e99c-4ca8-933a-9cc021a0ad47}</UniqueIdentifier>
    </Filter>
    <Filter Include="structures\vector">
      <UniqueIdentifier>{931c2930-c271-4306-87d9-2e4ec44296ac}</UniqueIdentifier>
    </Filter>
    <Filter Include="structures\array">
      <UniqueIdentifier>{f5c29cc7-dbbd-439f-91a2-2863340af81e}</UniqueIdentifier>
    </Filter>
    <Filter Include="structures\list">
      <UniqueIdentifier>{59f5e687-fa45-4b23-8925-68c1f2a49e0c}</UniqueIdentifier>
    </Filter>
    <Filter Include="structures\queue">
      <UniqueIdentifier>{17a5dcfb-a49a-4525-8a65-518a3fd0282d}</UniqueIdentifier>
    </Filter>
    <Filter Include="structures\priority_queue">
      <UniqueIdentifier>{9a04f08c-541f-49dd-aeae-9ec0ff0eab01}</UniqueIdentifier>
    </Filter>
    <Filter Include="structures\stack">
      <UniqueIdentifier>{bd81fa10-bc67-4e17-8583-f5014984ab4f}</UniqueIdentifier>
    </Filter>
    <Filter Include="structures\tree">
      <UniqueIdentifier>{aa647090-978c-4d60-a9d3-137468ac272d}</UniqueIdentifier>
    </Filter>
    <Filter Include="structures\table">
      <UniqueIdentifier>{8b014f1f-c34b-4997-b2e5-6ac0645d745a}</UniqueIdentifier>
    </Filter>
    <Filter Include="Level">
      <UniqueIdentifier>{7f95cb65-6469-45f0-9e78-97d95df0b6ea}</UniqueIdentifier>
    </Filter>
    <Filter Include="Selector">
      <UniqueIdentifier>{103d2e33-cc45-4de8-b017-8e6c90e0cb09}</UniqueIdentifier>
    </Filter>
    <Filter Include="CountryUnit">
      <UniqueIdentifier>{fd815bd7-462d-4e03-9b8b-5f584740614c}</UniqueIdentifier>
    </Filter>
    <Filter Include="Repository">
      <UniqueIdentifier>{1ce65ef2-cb25-46fa-bd8a-7cea242a3fd0}</UniqueIdentifier>
    </Filter>
    <Filter Include="Filter">
      <UniqueIdentifier>{7129e605-8fff-4588-9a26-d93047cef867}</UniqueIdentifier>
    </Filter>
    <Filter Include="Filter\Factory">
      <UniqueIdentifier>{d7504eff-6127-4ee6-8533-4c4e5f56e387}</UniqueIdentifier>
    </Filter>
  </ItemGroup>
  <ItemGroup>
    <ClCompile Include="SemPraca2.h">
      <Filter>Source Files</Filter>
    </ClCompile>
    <ClCompile Include="structures\vector\vector.cpp">
      <Filter>structures\vector</Filter>
    </ClCompile>
    <ClCompile Include="structures\ds_routines.cpp">
      <Filter>structures</Filter>
    </ClCompile>
    <ClCompile Include="structures\memory_routines.cpp">
      <Filter>structures</Filter>
    </ClCompile>
    <ClCompile Include="structures\structure.cpp">
      <Filter>structures</Filter>
    </ClCompile>
  </ItemGroup>
  <ItemGroup>
    <ClInclude Include="structures\array\array.h">
      <Filter>structures\array</Filter>
    </ClInclude>
    <ClInclude Include="structures\list\array_list.h">
      <Filter>structures\list</Filter>
    </ClInclude>
    <ClInclude Include="structures\list\CyclicLinkedList.h">
      <Filter>structures\list</Filter>
    </ClInclude>
    <ClInclude Include="structures\list\linked_list.h">
      <Filter>structures\list</Filter>
    </ClInclude>
    <ClInclude Include="structures\list\list.h">
      <Filter>structures\list</Filter>
    </ClInclude>
    <ClInclude Include="structures\table\binary_search_tree.h">
      <Filter>structures\table</Filter>
    </ClInclude>
    <ClInclude Include="structures\table\hash_table.h">
      <Filter>structures\table</Filter>
    </ClInclude>
    <ClInclude Include="structures\table\linked_table.h">
      <Filter>structures\table</Filter>
    </ClInclude>
    <ClInclude Include="structures\table\sequence_table.h">
      <Filter>structures\table</Filter>
    </ClInclude>
    <ClInclude Include="structures\table\sorted_sequence_table.h">
      <Filter>structures\table</Filter>
    </ClInclude>
    <ClInclude Include="structures\table\table.h">
      <Filter>structures\table</Filter>
    </ClInclude>
    <ClInclude Include="structures\table\treap.h">
      <Filter>structures\table</Filter>
    </ClInclude>
    <ClInclude Include="structures\table\unsorted_sequence_table.h">
      <Filter>structures\table</Filter>
    </ClInclude>
    <ClInclude Include="structures\tree\binary_tree.h">
      <Filter>structures\tree</Filter>
    </ClInclude>
    <ClInclude Include="structures\tree\k_way_tree.h">
      <Filter>structures\tree</Filter>
    </ClInclude>
    <ClInclude Include="structures\tree\multi_way_tree.h">
      <Filter>structures\tree</Filter>
    </ClInclude>
    <ClInclude Include="structures\tree\tree.h">
      <Filter>structures\tree</Filter>
    </ClInclude>
    <ClInclude Include="structures\stack\explicit_stack.h">
      <Filter>structures\stack</Filter>
    </ClInclude>
    <ClInclude Include="structures\stack\implicit_stack.h">
      <Filter>structures\stack</Filter>
    </ClInclude>
    <ClInclude Include="structures\stack\stack.h">
      <Filter>structures\stack</Filter>
    </ClInclude>
    <ClInclude Include="structures\priority_queue\heap.h">
      <Filter>structures\priority_queue</Filter>
    </ClInclude>
    <ClInclude Include="structures\priority_queue\priority_queue.h">
      <Filter>structures\priority_queue</Filter>
    </ClInclude>
    <ClInclude Include="structures\priority_queue\priority_queue_limited_sorted_array_list.h">
      <Filter>structures\priority_queue</Filter>
    </ClInclude>
    <ClInclude Include="structures\priority_queue\priority_queue_linked_list.h">
      <Filter>structures\priority_queue</Filter>
    </ClInclude>
    <ClInclude Include="structures\priority_queue\priority_queue_list.h">
      <Filter>structures\priority_queue</Filter>
    </ClInclude>
    <ClInclude Include="structures\priority_queue\priority_queue_sorted_array_list.h">
      <Filter>structures\priority_queue</Filter>
    </ClInclude>
    <ClInclude Include="structures\priority_queue\priority_queue_two_lists.h">
      <Filter>structures\priority_queue</Filter>
    </ClInclude>
    <ClInclude Include="structures\priority_queue\priority_queue_unsorted_array_list.h">
      <Filter>structures\priority_queue</Filter>
    </ClInclude>
    <ClInclude Include="structures\queue\explicit_queue.h">
      <Filter>structures\queue</Filter>
    </ClInclude>
    <ClInclude Include="structures\queue\implicit_queue.h">
      <Filter>structures\queue</Filter>
    </ClInclude>
    <ClInclude Include="structures\queue\queue.h">
      <Filter>structures\queue</Filter>
    </ClInclude>
    <ClInclude Include="structures\vector\vector.h">
      <Filter>structures\vector</Filter>
    </ClInclude>
    <ClInclude Include="structures\ds_routines.h">
      <Filter>structures</Filter>
    </ClInclude>
    <ClInclude Include="structures\ds_structure_types.h">
      <Filter>structures</Filter>
    </ClInclude>
    <ClInclude Include="structures\heap_monitor.h">
      <Filter>structures</Filter>
    </ClInclude>
    <ClInclude Include="structures\memory_routines.h">
      <Filter>structures</Filter>
    </ClInclude>
    <ClInclude Include="structures\structure.h">
      <Filter>structures</Filter>
    </ClInclude>
    <ClInclude Include="structures\structure_iterator.h">
      <Filter>structures</Filter>
    </ClInclude>
    <ClInclude Include="App.h">
      <Filter>Header Files</Filter>
    </ClInclude>
    <ClInclude Include="Level\Level1.h">
      <Filter>Level</Filter>
    </ClInclude>
    <ClInclude Include="Level\Level.h">
      <Filter>Level</Filter>
    </ClInclude>
    <ClInclude Include="Selector\Selector.h">
      <Filter>Selector</Filter>
    </ClInclude>
    <ClInclude Include="CountryUnit\CountryUnit.h">
      <Filter>CountryUnit</Filter>
    </ClInclude>
    <ClInclude Include="CountryUnit\Obec.h">
      <Filter>CountryUnit</Filter>
    </ClInclude>
    <ClInclude Include="Utils.h">
      <Filter>Header Files</Filter>
    </ClInclude>
    <ClInclude Include="Repository\Repository.h">
      <Filter>Repository</Filter>
    </ClInclude>
    <ClInclude Include="Filter\Filter.h">
      <Filter>Filter</Filter>
    </ClInclude>
    <ClInclude Include="Filter\FilterName.h">
      <Filter>Filter</Filter>
    </ClInclude>
    <ClInclude Include="Filter\FilterBuiltArea.h">
      <Filter>Filter</Filter>
    </ClInclude>
    <ClInclude Include="Filter\FilterTotalCitizens.h">
      <Filter>Filter</Filter>
    </ClInclude>
    <ClInclude Include="Filter\Factory\FilterFactory.h">
      <Filter>Filter\Factory</Filter>
    </ClInclude>
    <ClInclude Include="Level\Level2.h">
      <Filter>Level</Filter>
    </ClInclude>
    <ClInclude Include="Sort.h">
      <Filter>Header Files</Filter>
    </ClInclude>
    <ClInclude Include="SortName.h">
      <Filter>Header Files</Filter>
    </ClInclude>
    <ClInclude Include="MyString.h">
      <Filter>Header Files</Filter>
    </ClInclude>
    <ClInclude Include="CountryUnit\Kraj.h">
      <Filter>CountryUnit</Filter>
    </ClInclude>
    <ClInclude Include="CountryUnit\Okres.h">
      <Filter>CountryUnit</Filter>
    </ClInclude>
    <ClInclude Include="Filter\FilterUpperCU.h">
      <Filter>Filter</Filter>
    </ClInclude>
    <ClInclude Include="Filter\FilterCUType.h">
      <Filter>Filter</Filter>
    </ClInclude>
  </ItemGroup>
</Project>